Microsoft Visual Studio Solution File, Format Version 12.00
# Visual Studio Version 17
VisualStudioVersion = 17.5.2.0
MinimumVisualStudioVersion = 10.0.40219.1
Project("{FAE04EC0-301F-11D3-BF4B-00C04F79EFBC}") = "TokoApi", "TokoApi.csproj", "{51778C75-830B-756A-D648-FE63894E7125}"
EndProject
Global
	GlobalSection(SolutionConfigurationPlatforms) = preSolution
		Debug|Any CPU = Debug|Any CPU
		Release|Any CPU = Release|Any CPU
	EndGlobalSection
	GlobalSection(ProjectConfigurationPlatforms) = postSolution
		{51778C75-830B-756A-D648-FE63894E7125}.Debug|Any CPU.ActiveCfg = Debug|Any CPU
		{51778C75-830B-756A-D648-FE63894E7125}.Debug|Any CPU.Build.0 = Debug|Any CPU
		{51778C75-830B-756A-D648-FE63894E7125}.Release|Any CPU.ActiveCfg = Release|Any CPU
		{51778C75-830B-756A-D648-FE63894E7125}.Release|Any CPU.Build.0 = Release|Any CPU
	EndGlobalSection
	GlobalSection(SolutionProperties) = preSolution
		HideSolutionNode = FALSE
	EndGlobalSection
	GlobalSection(ExtensibilityGlobals) = postSolution
		SolutionGuid = {94B73C86-EE5F-4D0B-B969-19BEC09C7489}
	EndGlobalSection
EndGlobal
